
Microsoft Visual Studio Solution File, Format Version 12.00
# Visual Studio Version 17
VisualStudioVersion = 17.9.34728.123
MinimumVisualStudioVersion = 10.0.40219.1
Project("{FAE04EC0-301F-11D3-BF4B-00C04F79EFBC}") = "TerminalSecurity", "TerminalSecurity\TerminalSecurity.csproj", "{025B0FF9-1DB6-4100-9A26-A31A1FA2E9D9}"
EndProject
Global
	GlobalSection(SolutionConfigurationPlatforms) = preSolution
		Debug|Any CPU = Debug|Any CPU
		Release|Any CPU = Release|Any CPU
	EndGlobalSection
	GlobalSection(ProjectConfigurationPlatforms) = postSolution
		{025B0FF9-1DB6-4100-9A26-A31A1FA2E9D9}.Debug|Any CPU.ActiveCfg = Debug|Any CPU
		{025B0FF9-1DB6-4100-9A26-A31A1FA2E9D9}.Debug|Any CPU.Build.0 = Debug|Any CPU
		{025B0FF9-1DB6-4100-9A26-A31A1FA2E9D9}.Release|Any CPU.ActiveCfg = Release|Any CPU
		{025B0FF9-1DB6-4100-9A26-A31A1FA2E9D9}.Release|Any CPU.Build.0 = Release|Any CPU
	EndGlobalSection
	GlobalSection(SolutionProperties) = preSolution
		HideSolutionNode = FALSE
	EndGlobalSection
	GlobalSection(ExtensibilityGlobals) = postSolution
		SolutionGuid = {BE5AC146-FCFB-4322-819B-DA6B3085EB84}
	EndGlobalSection
EndGlobal
